{
    "name": "@rappasoft/laravel-boilerplate",
    "requires": true,
    "lockfileVersion": 1,
    "dependencies": {
        "bootstrap": {
            "version": "4.3.1",
            "resolved": "https://registry.npmjs.org/bootstrap/-/bootstrap-4.3.1.tgz",
            "integrity": "sha512-rXqOmH1VilAt2DyPzluTi2blhk17bO7ef+zLLPlWvG494pDxcM234pJ8wTc/6R40UWizAIIMgxjvxZg5kmsbag=="
        },
        "datatables.net": {
            "version": "1.13.11",
            "resolved": "https://registry.npmjs.org/datatables.net/-/datatables.net-1.13.11.tgz",
            "integrity": "sha512-AE6RkMXziRaqzPcu/pl3SJXeRa6fmXQG/fVjuRESujvkzqDCYEeKTTpPMuVJSGYJpPi32WGSphVNNY1G4nSN/g==",
            "requires": {
                "jquery": "1.8 - 4"
            }
        },
        "datatables.net-bs4": {
            "version": "1.13.11",
            "resolved": "https://registry.npmjs.org/datatables.net-bs4/-/datatables.net-bs4-1.13.11.tgz",
            "integrity": "sha512-1LnxzQDFKpwvBETc8wtUtQ+pUXhs6NJomNST5pRzzHAccckkj9rZeOp3mevKDnDJKuNhBM1Y0rIeZGylJnqh9A==",
            "requires": {
                "datatables.net": "1.13.11",
                "jquery": "1.8 - 4"
            }
        },
        "eonasdan-bootstrap-datetimepicker-bootstrap4beta": {
            "version": "4.17.47-a",
            "resolved": "https://registry.npmjs.org/eonasdan-bootstrap-datetimepicker-bootstrap4beta/-/eonasdan-bootstrap-datetimepicker-bootstrap4beta-4.17.47-a.tgz",
            "integrity": "sha512-PBSVeji4xJkjGGCjFXgG9nnFo6k2k22SPBuvyodL0zQLdthNIWaWBaH1l6hhAUJms9amjbxFPlTYXoPqROMMOA==",
            "requires": {
                "bootstrap": "^3.3",
                "jquery": "^1.8.3 || ^2.0 || ^3.0",
                "moment": "^2.10",
                "moment-timezone": "^0.4.0"
            },
            "dependencies": {
                "bootstrap": {
                    "version": "3.4.1",
                    "resolved": "https://registry.npmjs.org/bootstrap/-/bootstrap-3.4.1.tgz",
                    "integrity": "sha512-yN5oZVmRCwe5aKwzRj6736nSmKDX7pLYwsXiCj/EYmo16hODaBiT4En5btW/jhBF/seV+XMx3aYwukYC3A49DA=="
                }
            }
        },
        "eonasdan-custom-bootstrap-datetimepicker-with-bootstrap-4": {
            "version": "1.0.0",
            "resolved": "https://registry.npmjs.org/eonasdan-custom-bootstrap-datetimepicker-with-bootstrap-4/-/eonasdan-custom-bootstrap-datetimepicker-with-bootstrap-4-1.0.0.tgz",
            "integrity": "sha512-klB2kBL6xe1WcAgBrmLs1estznQHs/NMN0ju26qsHy/CfrL5dwzAqJQQ5E/509nIkFbGrNyixeGkDSRaVmIf7g==",
            "requires": {
                "bootstrap": "4.3.1",
                "jquery": "^1.8.3 || ^2.0 || ^3.0",
                "moment": "^2.19.4",
                "moment-timezone": "0.4.0"
            },
            "dependencies": {
                "moment-timezone": {
                    "version": "0.4.0",
                    "resolved": "https://registry.npmjs.org/moment-timezone/-/moment-timezone-0.4.0.tgz",
                    "integrity": "sha512-g9kUW7A+SGhnNiTNnxO8HvKQOtBgfOvoa3mFa1nZ2RLkqhD4Z9vMXQo8rsk1Q9Kx425IJ+mIlqaqoT2mzAFTHQ==",
                    "requires": {
                        "moment": ">= 2.6.0"
                    }
                }
            }
        },
        "jquery": {
            "version": "3.7.1",
            "resolved": "https://registry.npmjs.org/jquery/-/jquery-3.7.1.tgz",
            "integrity": "sha512-m4avr8yL8kmFN8psrbFFFmB/If14iN5o9nw/NgnnM+kybDJpRsAynV2BsfpTYrTRysYUdADVD7CkUUizgkpLfg=="
        },
        "jstree": {
            "version": "3.3.16",
            "resolved": "https://registry.npmjs.org/jstree/-/jstree-3.3.16.tgz",
            "integrity": "sha512-yeeIJffi2WAqyMeHufXj/Ozy7GqgKdDkxfN8L8lwbG0h1cw/TgDafWmyhroH4AKgDSk9yW1W6jiJZu4zXAqzXw==",
            "requires": {
                "jquery": "^3.5.0"
            }
        },
        "moment": {
            "version": "2.30.1",
            "resolved": "https://registry.npmjs.org/moment/-/moment-2.30.1.tgz",
            "integrity": "sha512-uEmtNhbDOrWPFS+hdjFCBfy9f2YoyzRpwcl+DqpC6taX21FzsTLQVbMV/W7PzNSX6x/bhC1zA3c2UQ5NzH6how=="
        },
        "moment-timezone": {
            "version": "0.4.1",
            "resolved": "https://registry.npmjs.org/moment-timezone/-/moment-timezone-0.4.1.tgz",
            "integrity": "sha512-5cNPVUwaVJDCe9JM8m/qz17f9SkaI8rpnRUyDJi2K5HAd6EwhuQ3n5nLclZkNC/qJnomKgQH2TIu70Gy2dxFKA==",
            "requires": {
                "moment": ">= 2.6.0"
            }
        },
        "select2": {
            "version": "4.0.13",
            "resolved": "https://registry.npmjs.org/select2/-/select2-4.0.13.tgz",
            "integrity": "sha512-1JeB87s6oN/TDxQQYCvS5EFoQyvV6eYMZZ0AeA4tdFDYWN3BAGZ8npr17UBFddU0lgAt3H0yjX3X6/ekOj1yjw=="
        },
        "tinymce": {
            "version": "5.10.9",
            "resolved": "https://registry.npmjs.org/tinymce/-/tinymce-5.10.9.tgz",
            "integrity": "sha512-5bkrors87X9LhYX2xq8GgPHrIgJYHl87YNs+kBcjQ5I3CiUgzo/vFcGvT3MZQ9QHsEeYMhYO6a5CLGGffR8hMg=="
        }
    }
}
